
Microsoft Visual Studio Solution File, Format Version 12.00
# Visual Studio Version 17
VisualStudioVersion = 17.9.34714.143
MinimumVisualStudioVersion = 10.0.40219.1
Project("{9A19103F-16F7-4668-BE54-9A1E7A4F7556}") = "ConsoleApp", "ConsoleApp\ConsoleApp.csproj", "{991D0BB7-744C-4776-9FB8-02B709F4E6D0}"
EndProject
Project("{9A19103F-16F7-4668-BE54-9A1E7A4F7556}") = "SourceGenerator.Core", "SourceGenerator.Core\SourceGenerator.Core.csproj", "{7B11CC2A-2927-4407-83C7-7184D4FEFD7D}"
EndProject
Project("{2150E333-8FDC-42A3-9474-1A3956D46DE8}") = "Solution Items", "Solution Items", "{1CB29828-A16A-4388-A89F-C70C560796D6}"
	ProjectSection(SolutionItems) = preProject
		.gitignore = .gitignore
		README.md = README.md
	EndProjectSection
EndProject
Project("{9A19103F-16F7-4668-BE54-9A1E7A4F7556}") = "PostsharpApp", "PostsharpApp\PostsharpApp.csproj", "{920F1A20-99A8-4FCE-823A-6F171EB773FD}"
EndProject
Project("{9A19103F-16F7-4668-BE54-9A1E7A4F7556}") = "ConsoleApp2", "ConsoleApp2\ConsoleApp2.csproj", "{2E1AAAC9-A68E-4C13-85C5-F6B499A6FB5C}"
EndProject
Project("{9A19103F-16F7-4668-BE54-9A1E7A4F7556}") = "SourceGenerator", "SourceGenerator\SourceGenerator.csproj", "{0A73C461-B842-4494-AF36-E6932DC72DB5}"
EndProject
Global
	GlobalSection(SolutionConfigurationPlatforms) = preSolution
		Debug|Any CPU = Debug|Any CPU
		Release|Any CPU = Release|Any CPU
	EndGlobalSection
	GlobalSection(ProjectConfigurationPlatforms) = postSolution
		{991D0BB7-744C-4776-9FB8-02B709F4E6D0}.Debug|Any CPU.ActiveCfg = Debug|Any CPU
		{991D0BB7-744C-4776-9FB8-02B709F4E6D0}.Debug|Any CPU.Build.0 = Debug|Any CPU
		{991D0BB7-744C-4776-9FB8-02B709F4E6D0}.Release|Any CPU.ActiveCfg = Release|Any CPU
		{991D0BB7-744C-4776-9FB8-02B709F4E6D0}.Release|Any CPU.Build.0 = Release|Any CPU
		{7B11CC2A-2927-4407-83C7-7184D4FEFD7D}.Debug|Any CPU.ActiveCfg = Debug|Any CPU
		{7B11CC2A-2927-4407-83C7-7184D4FEFD7D}.Debug|Any CPU.Build.0 = Debug|Any CPU
		{7B11CC2A-2927-4407-83C7-7184D4FEFD7D}.Release|Any CPU.ActiveCfg = Release|Any CPU
		{7B11CC2A-2927-4407-83C7-7184D4FEFD7D}.Release|Any CPU.Build.0 = Release|Any CPU
		{920F1A20-99A8-4FCE-823A-6F171EB773FD}.Debug|Any CPU.ActiveCfg = Debug|Any CPU
		{920F1A20-99A8-4FCE-823A-6F171EB773FD}.Debug|Any CPU.Build.0 = Debug|Any CPU
		{920F1A20-99A8-4FCE-823A-6F171EB773FD}.Release|Any CPU.ActiveCfg = Release|Any CPU
		{920F1A20-99A8-4FCE-823A-6F171EB773FD}.Release|Any CPU.Build.0 = Release|Any CPU
		{2E1AAAC9-A68E-4C13-85C5-F6B499A6FB5C}.Debug|Any CPU.ActiveCfg = Debug|Any CPU
		{2E1AAAC9-A68E-4C13-85C5-F6B499A6FB5C}.Debug|Any CPU.Build.0 = Debug|Any CPU
		{2E1AAAC9-A68E-4C13-85C5-F6B499A6FB5C}.Release|Any CPU.ActiveCfg = Release|Any CPU
		{2E1AAAC9-A68E-4C13-85C5-F6B499A6FB5C}.Release|Any CPU.Build.0 = Release|Any CPU
		{0A73C461-B842-4494-AF36-E6932DC72DB5}.Debug|Any CPU.ActiveCfg = Debug|Any CPU
		{0A73C461-B842-4494-AF36-E6932DC72DB5}.Debug|Any CPU.Build.0 = Debug|Any CPU
		{0A73C461-B842-4494-AF36-E6932DC72DB5}.Release|Any CPU.ActiveCfg = Release|Any CPU
		{0A73C461-B842-4494-AF36-E6932DC72DB5}.Release|Any CPU.Build.0 = Release|Any CPU
	EndGlobalSection
	GlobalSection(SolutionProperties) = preSolution
		HideSolutionNode = FALSE
	EndGlobalSection
	GlobalSection(ExtensibilityGlobals) = postSolution
		SolutionGuid = {8A603C21-A6AC-4631-B207-0ACD0BA45496}
	EndGlobalSection
EndGlobal
